
Microsoft Visual Studio Solution File, Format Version 12.00
# Visual Studio Version 17
VisualStudioVersion = 17.6.33815.320
MinimumVisualStudioVersion = 10.0.40219.1
Project("{FAE04EC0-301F-11D3-BF4B-00C04F79EFBC}") = "ChallengeLibrary", "ChallengeLibrary.csproj", "{284B921F-A256-4490-8BDE-C16850F2C7FA}"
EndProject
Global
	GlobalSection(SolutionConfigurationPlatforms) = preSolution
		Debug|Any CPU = Debug|Any CPU
		Release|Any CPU = Release|Any CPU
	EndGlobalSection
	GlobalSection(ProjectConfigurationPlatforms) = postSolution
		{284B921F-A256-4490-8BDE-C16850F2C7FA}.Debug|Any CPU.ActiveCfg = Debug|Any CPU
		{284B921F-A256-4490-8BDE-C16850F2C7FA}.Debug|Any CPU.Build.0 = Debug|Any CPU
		{284B921F-A256-4490-8BDE-C16850F2C7FA}.Release|Any CPU.ActiveCfg = Release|Any CPU
		{284B921F-A256-4490-8BDE-C16850F2C7FA}.Release|Any CPU.Build.0 = Release|Any CPU
	EndGlobalSection
	GlobalSection(SolutionProperties) = preSolution
		HideSolutionNode = FALSE
	EndGlobalSection
	GlobalSection(ExtensibilityGlobals) = postSolution
		SolutionGuid = {A24167DE-3A08-4CB5-A8DA-3309A0363525}
	EndGlobalSection
EndGlobal
